
Microsoft Visual Studio Solution File, Format Version 12.00
# Visual Studio Version 16
VisualStudioVersion = 16.0.30002.166
MinimumVisualStudioVersion = 10.0.40219.1
Project("{FAE04EC0-301F-11D3-BF4B-00C04F79EFBC}") = "Assignment1", "TestApp\Assignment1.csproj", "{D781116A-C2B7-47AD-BE93-3A9F12CA3E3E}"
EndProject
Global
	GlobalSection(SolutionConfigurationPlatforms) = preSolution
		Debug|Any CPU = Debug|Any CPU
		Release|Any CPU = Release|Any CPU
	EndGlobalSection
	GlobalSection(ProjectConfigurationPlatforms) = postSolution
		{D781116A-C2B7-47AD-BE93-3A9F12CA3E3E}.Debug|Any CPU.ActiveCfg = Debug|Any CPU
		{D781116A-C2B7-47AD-BE93-3A9F12CA3E3E}.Debug|Any CPU.Build.0 = Debug|Any CPU
		{D781116A-C2B7-47AD-BE93-3A9F12CA3E3E}.Release|Any CPU.ActiveCfg = Release|Any CPU
		{D781116A-C2B7-47AD-BE93-3A9F12CA3E3E}.Release|Any CPU.Build.0 = Release|Any CPU
	EndGlobalSection
	GlobalSection(SolutionProperties) = preSolution
		HideSolutionNode = FALSE
	EndGlobalSection
	GlobalSection(ExtensibilityGlobals) = postSolution
		SolutionGuid = {E5490A96-2C3F-40DE-BF0D-D0A34D0000A5}
	EndGlobalSection
EndGlobal
